
Microsoft Visual Studio Solution File, Format Version 12.00
# Visual Studio Version 16
VisualStudioVersion = 16.0.29503.13
MinimumVisualStudioVersion = 10.0.40219.1
Project("{9A19103F-16F7-4668-BE54-9A1E7A4F7556}") = "WebClinicAPI", "WebClinicAPI\WebClinicAPI.csproj", "{4FD7373E-C4CE-450C-9711-3E6BF3BC4C38}"
EndProject
Project("{9A19103F-16F7-4668-BE54-9A1E7A4F7556}") = "WebClinic", "..\OLD\WebClinic.csproj", "{DF665D73-B89F-49E3-B54F-369909469867}"
EndProject
Global
	GlobalSection(SolutionConfigurationPlatforms) = preSolution
		Debug|Any CPU = Debug|Any CPU
		Release|Any CPU = Release|Any CPU
	EndGlobalSection
	GlobalSection(ProjectConfigurationPlatforms) = postSolution
		{4FD7373E-C4CE-450C-9711-3E6BF3BC4C38}.Debug|Any CPU.ActiveCfg = Debug|Any CPU
		{4FD7373E-C4CE-450C-9711-3E6BF3BC4C38}.Debug|Any CPU.Build.0 = Debug|Any CPU
		{4FD7373E-C4CE-450C-9711-3E6BF3BC4C38}.Release|Any CPU.ActiveCfg = Release|Any CPU
		{4FD7373E-C4CE-450C-9711-3E6BF3BC4C38}.Release|Any CPU.Build.0 = Release|Any CPU
		{DF665D73-B89F-49E3-B54F-369909469867}.Debug|Any CPU.ActiveCfg = Debug|Any CPU
		{DF665D73-B89F-49E3-B54F-369909469867}.Debug|Any CPU.Build.0 = Debug|Any CPU
		{DF665D73-B89F-49E3-B54F-369909469867}.Release|Any CPU.ActiveCfg = Release|Any CPU
		{DF665D73-B89F-49E3-B54F-369909469867}.Release|Any CPU.Build.0 = Release|Any CPU
	EndGlobalSection
	GlobalSection(SolutionProperties) = preSolution
		HideSolutionNode = FALSE
	EndGlobalSection
	GlobalSection(ExtensibilityGlobals) = postSolution
		SolutionGuid = {69921D2C-008E-4D2F-9FE5-BB63E5F782AF}
	EndGlobalSection
EndGlobal
